
Microsoft Visual Studio Solution File, Format Version 12.00
Project("{2150E333-8FDC-42A3-9474-1A3956D46DE8}") = "BusinessLogicLayer", "BusinessLogicLayer", "{B3CCE426-0C06-483D-9781-E9D789D352EA}"
EndProject
Project("{2150E333-8FDC-42A3-9474-1A3956D46DE8}") = "DataAccessLayer", "DataAccessLayer", "{55FAA950-D919-4C81-B966-05246013F1AE}"
EndProject
Project("{2150E333-8FDC-42A3-9474-1A3956D46DE8}") = "PresentationLayer", "PresentationLayer", "{C554F1F1-AB89-4866-BE41-A3F47FA66CF5}"
EndProject
Project("{FAE04EC0-301F-11D3-BF4B-00C04F79EFBC}") = "BusinessLogicLayer.Abstraction", "BusinessLogicLayer.Abstraction\BusinessLogicLayer.Abstraction.csproj", "{4CA6CA7E-7BE2-413C-B846-14A231167F9F}"
EndProject
Project("{FAE04EC0-301F-11D3-BF4B-00C04F79EFBC}") = "BusinessLogicLayer.Implementation", "BusinessLogicLayer.Implementation\BusinessLogicLayer.Implementation.csproj", "{65DE6639-7F40-4E4D-AE52-3237AC776662}"
EndProject
Project("{FAE04EC0-301F-11D3-BF4B-00C04F79EFBC}") = "BusinessLogicLayer.Objects", "BusinessLogicLayer.Objects\BusinessLogicLayer.Objects.csproj", "{D6DED6D8-EEDB-4A87-B3A4-9AD7CD8E8BA2}"
EndProject
Project("{FAE04EC0-301F-11D3-BF4B-00C04F79EFBC}") = "DataAccessLayer.Abstraction", "DataAccessLayer.Abstraction\DataAccessLayer.Abstraction.csproj", "{D309B52D-0D22-42E4-B2EE-61D33595AC4F}"
EndProject
Project("{FAE04EC0-301F-11D3-BF4B-00C04F79EFBC}") = "DataAccessLayer.Data.EntityFramework", "DataAccessLayer.Data.EntityFramework\DataAccessLayer.Data.EntityFramework.csproj", "{D3560F22-DAED-41F0-A445-0B26756F9921}"
EndProject
Project("{FAE04EC0-301F-11D3-BF4B-00C04F79EFBC}") = "DataAccessLayer.Implementation", "DataAccessLayer.Implementation\DataAccessLayer.Implementation.csproj", "{1269BA4F-4F0F-4BB1-B9CD-5DE31FD3A80A}"
EndProject
Project("{FAE04EC0-301F-11D3-BF4B-00C04F79EFBC}") = "DataAccessLayer.Models", "DataAccessLayer.Models\DataAccessLayer.Models.csproj", "{B7286157-8AB3-4A86-8079-F5AD34669131}"
EndProject
Global
	GlobalSection(SolutionConfigurationPlatforms) = preSolution
		Debug|Any CPU = Debug|Any CPU
		Release|Any CPU = Release|Any CPU
	EndGlobalSection
	GlobalSection(ProjectConfigurationPlatforms) = postSolution
		{4CA6CA7E-7BE2-413C-B846-14A231167F9F}.Debug|Any CPU.ActiveCfg = Debug|Any CPU
		{4CA6CA7E-7BE2-413C-B846-14A231167F9F}.Debug|Any CPU.Build.0 = Debug|Any CPU
		{4CA6CA7E-7BE2-413C-B846-14A231167F9F}.Release|Any CPU.ActiveCfg = Release|Any CPU
		{4CA6CA7E-7BE2-413C-B846-14A231167F9F}.Release|Any CPU.Build.0 = Release|Any CPU
		{65DE6639-7F40-4E4D-AE52-3237AC776662}.Debug|Any CPU.ActiveCfg = Debug|Any CPU
		{65DE6639-7F40-4E4D-AE52-3237AC776662}.Debug|Any CPU.Build.0 = Debug|Any CPU
		{65DE6639-7F40-4E4D-AE52-3237AC776662}.Release|Any CPU.ActiveCfg = Release|Any CPU
		{65DE6639-7F40-4E4D-AE52-3237AC776662}.Release|Any CPU.Build.0 = Release|Any CPU
		{D6DED6D8-EEDB-4A87-B3A4-9AD7CD8E8BA2}.Debug|Any CPU.ActiveCfg = Debug|Any CPU
		{D6DED6D8-EEDB-4A87-B3A4-9AD7CD8E8BA2}.Debug|Any CPU.Build.0 = Debug|Any CPU
		{D6DED6D8-EEDB-4A87-B3A4-9AD7CD8E8BA2}.Release|Any CPU.ActiveCfg = Release|Any CPU
		{D6DED6D8-EEDB-4A87-B3A4-9AD7CD8E8BA2}.Release|Any CPU.Build.0 = Release|Any CPU
		{D309B52D-0D22-42E4-B2EE-61D33595AC4F}.Debug|Any CPU.ActiveCfg = Debug|Any CPU
		{D309B52D-0D22-42E4-B2EE-61D33595AC4F}.Debug|Any CPU.Build.0 = Debug|Any CPU
		{D309B52D-0D22-42E4-B2EE-61D33595AC4F}.Release|Any CPU.ActiveCfg = Release|Any CPU
		{D309B52D-0D22-42E4-B2EE-61D33595AC4F}.Release|Any CPU.Build.0 = Release|Any CPU
		{D3560F22-DAED-41F0-A445-0B26756F9921}.Debug|Any CPU.ActiveCfg = Debug|Any CPU
		{D3560F22-DAED-41F0-A445-0B26756F9921}.Debug|Any CPU.Build.0 = Debug|Any CPU
		{D3560F22-DAED-41F0-A445-0B26756F9921}.Release|Any CPU.ActiveCfg = Release|Any CPU
		{D3560F22-DAED-41F0-A445-0B26756F9921}.Release|Any CPU.Build.0 = Release|Any CPU
		{1269BA4F-4F0F-4BB1-B9CD-5DE31FD3A80A}.Debug|Any CPU.ActiveCfg = Debug|Any CPU
		{1269BA4F-4F0F-4BB1-B9CD-5DE31FD3A80A}.Debug|Any CPU.Build.0 = Debug|Any CPU
		{1269BA4F-4F0F-4BB1-B9CD-5DE31FD3A80A}.Release|Any CPU.ActiveCfg = Release|Any CPU
		{1269BA4F-4F0F-4BB1-B9CD-5DE31FD3A80A}.Release|Any CPU.Build.0 = Release|Any CPU
		{B7286157-8AB3-4A86-8079-F5AD34669131}.Debug|Any CPU.ActiveCfg = Debug|Any CPU
		{B7286157-8AB3-4A86-8079-F5AD34669131}.Debug|Any CPU.Build.0 = Debug|Any CPU
		{B7286157-8AB3-4A86-8079-F5AD34669131}.Release|Any CPU.ActiveCfg = Release|Any CPU
		{B7286157-8AB3-4A86-8079-F5AD34669131}.Release|Any CPU.Build.0 = Release|Any CPU
	EndGlobalSection
	GlobalSection(NestedProjects) = preSolution
		{4CA6CA7E-7BE2-413C-B846-14A231167F9F} = {B3CCE426-0C06-483D-9781-E9D789D352EA}
		{65DE6639-7F40-4E4D-AE52-3237AC776662} = {B3CCE426-0C06-483D-9781-E9D789D352EA}
		{D6DED6D8-EEDB-4A87-B3A4-9AD7CD8E8BA2} = {B3CCE426-0C06-483D-9781-E9D789D352EA}
		{D309B52D-0D22-42E4-B2EE-61D33595AC4F} = {55FAA950-D919-4C81-B966-05246013F1AE}
		{D3560F22-DAED-41F0-A445-0B26756F9921} = {55FAA950-D919-4C81-B966-05246013F1AE}
		{1269BA4F-4F0F-4BB1-B9CD-5DE31FD3A80A} = {55FAA950-D919-4C81-B966-05246013F1AE}
		{B7286157-8AB3-4A86-8079-F5AD34669131} = {55FAA950-D919-4C81-B966-05246013F1AE}
	EndGlobalSection
EndGlobal
