
Microsoft Visual Studio Solution File, Format Version 12.00
Project("{FAE04EC0-301F-11D3-BF4B-00C04F79EFBC}") = "Application.Models", "Application.Models\Application.Models.csproj", "{B7286157-8AB3-4A86-8079-F5AD34669131}"
EndProject
Project("{FAE04EC0-301F-11D3-BF4B-00C04F79EFBC}") = "Application", "Application\Application.csproj", "{8596262D-CA44-453F-9ABE-0375D58EC78B}"
EndProject
Project("{FAE04EC0-301F-11D3-BF4B-00C04F79EFBC}") = "Infrastructure", "Infrastructure\Infrastructure.csproj", "{80ED1943-C48D-4B7C-A2F2-2BB996C620BE}"
EndProject
Project("{FAE04EC0-301F-11D3-BF4B-00C04F79EFBC}") = "WebApplication", "WebApplication\WebApplication.csproj", "{35A921AA-BFD6-48E0-8755-E19C3FBA833A}"
EndProject
Global
	GlobalSection(SolutionConfigurationPlatforms) = preSolution
		Debug|Any CPU = Debug|Any CPU
		Release|Any CPU = Release|Any CPU
	EndGlobalSection
	GlobalSection(ProjectConfigurationPlatforms) = postSolution
		{B7286157-8AB3-4A86-8079-F5AD34669131}.Debug|Any CPU.ActiveCfg = Debug|Any CPU
		{B7286157-8AB3-4A86-8079-F5AD34669131}.Debug|Any CPU.Build.0 = Debug|Any CPU
		{B7286157-8AB3-4A86-8079-F5AD34669131}.Release|Any CPU.ActiveCfg = Release|Any CPU
		{B7286157-8AB3-4A86-8079-F5AD34669131}.Release|Any CPU.Build.0 = Release|Any CPU
		{8596262D-CA44-453F-9ABE-0375D58EC78B}.Debug|Any CPU.ActiveCfg = Debug|Any CPU
		{8596262D-CA44-453F-9ABE-0375D58EC78B}.Debug|Any CPU.Build.0 = Debug|Any CPU
		{8596262D-CA44-453F-9ABE-0375D58EC78B}.Release|Any CPU.ActiveCfg = Release|Any CPU
		{8596262D-CA44-453F-9ABE-0375D58EC78B}.Release|Any CPU.Build.0 = Release|Any CPU
		{80ED1943-C48D-4B7C-A2F2-2BB996C620BE}.Debug|Any CPU.ActiveCfg = Debug|Any CPU
		{80ED1943-C48D-4B7C-A2F2-2BB996C620BE}.Debug|Any CPU.Build.0 = Debug|Any CPU
		{80ED1943-C48D-4B7C-A2F2-2BB996C620BE}.Release|Any CPU.ActiveCfg = Release|Any CPU
		{80ED1943-C48D-4B7C-A2F2-2BB996C620BE}.Release|Any CPU.Build.0 = Release|Any CPU
		{35A921AA-BFD6-48E0-8755-E19C3FBA833A}.Debug|Any CPU.ActiveCfg = Debug|Any CPU
		{35A921AA-BFD6-48E0-8755-E19C3FBA833A}.Debug|Any CPU.Build.0 = Debug|Any CPU
		{35A921AA-BFD6-48E0-8755-E19C3FBA833A}.Release|Any CPU.ActiveCfg = Release|Any CPU
		{35A921AA-BFD6-48E0-8755-E19C3FBA833A}.Release|Any CPU.Build.0 = Release|Any CPU
	EndGlobalSection
	GlobalSection(NestedProjects) = preSolution
	EndGlobalSection
EndGlobal
